dependencies:
- name: elasticsearch
  repository: https://charts.bitnami.com/bitnami
  version: 17.7.2
- name: minio
  repository: https://charts.bitnami.com/bitnami
  version: 7.3.2
- name: postgresql
  repository: https://charts.bitnami.com/bitnami
  version: 9.1.1
- name: rabbitmq
  repository: https://charts.bitnami.com/bitnami
  version: 8.22.1
- name: redis
  repository: https://charts.bitnami.com/bitnami
  version: 10.6.2
digest: sha256:f2981f7927fdaca99ba9a5d9f1c68232b991fca6e980884a2aff39cf2c17a62d
generated: "2022-05-13T12:26:57.2692947-07:00"
